// !$*UTF8*$!
{
	archiveVersion = 1;
	classes = {
	};
	objectVersion = 46;
	objects = {

/* Begin PBXBuildFile section */
		3759298E1D113CC4008EDC1B /* main.m in Sources */ = {isa = PBXBuildFile; fileRef = 3759298D1D113CC4008EDC1B /* main.m */; };
		375929911D113CC4008EDC1B /* AppDelegate.m in Sources */ = {isa = PBXBuildFile; fileRef = 375929901D113CC4008EDC1B /* AppDelegate.m */; };
		375929941D113CC4008EDC1B /* ViewController.m in Sources */ = {isa = PBXBuildFile; fileRef = 375929931D113CC4008EDC1B /* ViewController.m */; };
		375929971D113CC4008EDC1B /* Main.storyboard in Resources */ = {isa = PBXBuildFile; fileRef = 375929951D113CC4008EDC1B /* Main.storyboard */; };
		375929991D113CC4008EDC1B /* Assets.xcassets in Resources */ = {isa = PBXBuildFile; fileRef = 375929981D113CC4008EDC1B /* Assets.xcassets */; };
		3759299C1D113CC4008EDC1B /* LaunchScreen.storyboard in Resources */ = {isa = PBXBuildFile; fileRef = 3759299A1D113CC4008EDC1B /* LaunchScreen.storyboard */; };
/* End PBXBuildFile section */

/* Begin PBXFileReference section */
		375929891D113CC4008EDC1B /* CreateAndReadCode.app */ = {isa = PBXFileReference; explicitFileType = wrapper.application; includeInIndex = 0; path = CreateAndReadCode.app; sourceTree = BUILT_PRODUCTS_DIR; };
		3759298D1D113CC4008EDC1B /* main.m */ = {isa = PBXFileReference; lastKnownFileType = sourcecode.c.objc; path = main.m; sourceTree = "<group>"; };
		3759298F1D113CC4008EDC1B /* AppDelegate.h */ = {isa = PBXFileReference; lastKnownFileType = sourcecode.c.h; path = AppDelegate.h; sourceTree = "<group>"; };
		375929901D113CC4008EDC1B /* AppDelegate.m */ = {isa = PBXFileReference; lastKnownFileType = sourcecode.c.objc; path = AppDelegate.m; sourceTree = "<group>"; };
		375929921D113CC4008EDC1B /* ViewController.h */ = {isa = PBXFileReference; lastKnownFileType = sourcecode.c.h; path = ViewController.h; sourceTree = "<group>"; };
		375929931D113CC4008EDC1B /* ViewController.m */ = {isa = PBXFileReference; lastKnownFileType = sourcecode.c.objc; path = ViewController.m; sourceTree = "<group>"; };
		375929961D113CC4008EDC1B /* Base */ = {isa = PBXFileReference; lastKnownFileType = file.storyboard; name = Base; path = Base.lproj/Main.storyboard; sourceTree = "<group>"; };
		375929981D113CC4008EDC1B /* Assets.xcassets */ = {isa = PBXFileReference; lastKnownFileType = folder.assetcatalog; path = Assets.xcassets; sourceTree = "<group>"; };
		3759299B1D113CC4008EDC1B /* Base */ = {isa = PBXFileReference; lastKnownFileType = file.storyboard; name = Base; path = Base.lproj/LaunchScreen.storyboard; sourceTree = "<group>"; };
		3759299D1D113CC4008EDC1B /* Info.plist */ = {isa = PBXFileReference; lastKnownFileType = text.plist.xml; path = Info.plist; sourceTree = "<group>"; };
/* End PBXFileReference section */

/* Begin PBXFrameworksBuildPhase section */
		375929861D113CC4008EDC1B /* Frameworks */ = {
			isa = PBXFrameworksBuildPhase;
			buildActionMask = 2147483647;
			files = (
			);
			runOnlyForDeploymentPostprocessing = 0;
		};
/* End PBXFrameworksBuildPhase section */

/* Begin PBXGroup section */
		375929801D113CC4008EDC1B = {
			isa = PBXGroup;
			children = (
				3759298B1D113CC4008EDC1B /* CreateAndReadCode */,
				3759298A1D113CC4008EDC1B /* Products */,
			);
			sourceTree = "<group>";
		};
		3759298A1D113CC4008EDC1B /* Products */ = {
			isa = PBXGroup;
			children = (
				375929891D113CC4008EDC1B /* CreateAndReadCode.app */,
			);
			name = Products;
			sourceTree = "<group>";
		};
		3759298B1D113CC4008EDC1B /* CreateAndReadCode */ = {
			isa = PBXGroup;
			children = (
				3759298F1D113CC4008EDC1B /* AppDelegate.h */,
				375929901D113CC4008EDC1B /* AppDelegate.m */,
				375929921D113CC4008EDC1B /* ViewController.h */,
				375929931D113CC4008EDC1B /* ViewController.m */,
				375929951D113CC4008EDC1B /* Main.storyboard */,
				375929981D113CC4008EDC1B /* Assets.xcassets */,
				3759299A1D113CC4008EDC1B /* LaunchScreen.storyboard */,
				3759299D1D113CC4008EDC1B /* Info.plist */,
				3759298C1D113CC4008EDC1B /* Supporting Files */,
			);
			path = CreateAndReadCode;
			sourceTree = "<group>";
		};
		3759298C1D113CC4008EDC1B /* Supporting Files */ = {
			isa = PBXGroup;
			children = (
				3759298D1D113CC4008EDC1B /* main.m */,
			);
			name = "Supporting Files";
			sourceTree = "<group>";
		};
/* End PBXGroup section */

/* Begin PBXNativeTarget section */
		375929881D113CC4008EDC1B /* CreateAndReadCode */ = {
			isa = PBXNativeTarget;
			buildConfigurationList = 375929A01D113CC4008EDC1B /* Build configuration list for PBXNativeTarget "CreateAndReadCode" */;
			buildPhases = (
				375929851D113CC4008EDC1B /* Sources */,
				375929861D113CC4008EDC1B /* Frameworks */,
				375929871D113CC4008EDC1B /* Resources */,
			);
			buildRules = (
			);
			dependencies = (
			);
			name = CreateAndReadCode;
			productName = CreateAndReadCode;
			productReference = 375929891D113CC4008EDC1B /* CreateAndReadCode.app */;
			productType = "com.apple.product-type.application";
		};
/* End PBXNativeTarget section */

/* Begin PBXProject section */
		375929811D113CC4008EDC1B /* Project object */ = {
			isa = PBXProject;
			attributes = {
				LastUpgradeCheck = 0730;
				ORGANIZATIONNAME = Dandy;
				TargetAttributes = {
					375929881D113CC4008EDC1B = {
						CreatedOnToolsVersion = 7.3.1;
					};
				};
			};
			buildConfigurationList = 375929841D113CC4008EDC1B /* Build configuration list for PBXProject "CreateAndReadCode" */;
			compatibilityVersion = "Xcode 3.2";
			developmentRegion = English;
			hasScannedForEncodings = 0;
			knownRegions = (
				en,
				Base,
			);
			mainGroup = 375929801D113CC4008EDC1B;
			productRefGroup = 3759298A1D113CC4008EDC1B /* Products */;
			projectDirPath = "";
			projectRoot = "";
			targets = (
				375929881D113CC4008EDC1B /* CreateAndReadCode */,
			);
		};
/* End PBXProject section */

/* Begin PBXResourcesBuildPhase section */
		375929871D113CC4008EDC1B /* Resources */ = {
			isa = PBXResourcesBuildPhase;
			buildActionMask = 2147483647;
			files = (
				3759299C1D113CC4008EDC1B /* LaunchScreen.storyboard in Resources */,
				375929991D113CC4008EDC1B /* Assets.xcassets in Resources */,
				375929971D113CC4008EDC1B /* Main.storyboard in Resources */,
			);
			runOnlyForDeploymentPostprocessing = 0;
		};
/* End PBXResourcesBuildPhase section */

/* Begin PBXSourcesBuildPhase section */
		375929851D113CC4008EDC1B /* Sources */ = {
			isa = PBXSourcesBuildPhase;
			buildActionMask = 2147483647;
			files = (
				375929941D113CC4008EDC1B /* ViewController.m in Sources */,
				375929911D113CC4008EDC1B /* AppDelegate.m in Sources */,
				3759298E1D113CC4008EDC1B /* main.m in Sources */,
			);
			runOnlyForDeploymentPostprocessing = 0;
		};
/* End PBXSourcesBuildPhase section */

/* Begin PBXVariantGroup section */
		375929951D113CC4008EDC1B /* Main.storyboard */ = {
			isa = PBXVariantGroup;
			children = (
				375929961D113CC4008EDC1B /* Base */,
			);
			name = Main.storyboard;
			sourceTree = "<group>";
		};
		3759299A1D113CC4008EDC1B /* LaunchScreen.storyboard */ = {
			isa = PBXVariantGroup;
			children = (
				3759299B1D113CC4008EDC1B /* Base */,
			);
			name = LaunchScreen.storyboard;
			sourceTree = "<group>";
		};
/* End PBXVariantGroup section */

/* Begin XCBuildConfiguration section */
		3759299E1D113CC4008EDC1B /* Debug */ = {
			isa = XCBuildConfiguration;
			buildSettings = {
				ALWAYS_SEARCH_USER_PATHS = NO;
				CLANG_ANALYZER_NONNULL = YES;
				CLANG_CXX_LANGUAGE_STANDARD = "gnu++0x";
				CLANG_CXX_LIBRARY = "libc++";
				CLANG_ENABLE_MODULES = YES;
				CLANG_ENABLE_OBJC_ARC = YES;
				CLANG_WARN_BOOL_CONVERSION = YES;
				CLANG_WARN_CONSTANT_CONVERSION = YES;
				CLANG_WARN_DIRECT_OBJC_ISA_USAGE = YES_ERROR;
				CLANG_WARN_EMPTY_BODY = YES;
				CLANG_WARN_ENUM_CONVERSION = YES;
				CLANG_WARN_INT_CONVERSION = YES;
				CLANG_WARN_OBJC_ROOT_CLASS = YES_ERROR;
				CLANG_WARN_UNREACHABLE_CODE = YES;
				CLANG_WARN__DUPLICATE_METHOD_MATCH = YES;
				"CODE_SIGN_IDENTITY[sdk=iphoneos*]" = "iPhone Developer";
				COPY_PHASE_STRIP = NO;
				DEBUG_INFORMATION_FORMAT = dwarf;
				ENABLE_STRICT_OBJC_MSGSEND = YES;
				ENABLE_TESTABILITY = YES;
				GCC_C_LANGUAGE_STANDARD = gnu99;
				GCC_DYNAMIC_NO_PIC = NO;
				GCC_NO_COMMON_BLOCKS = YES;
				GCC_OPTIMIZATION_LEVEL = 0;
				GCC_PREPROCESSOR_DEFINITIONS = (
					"DEBUG=1",
					"$(inherited)",
				);
				GCC_WARN_64_TO_32_BIT_CONVERSION = YES;
				GCC_WARN_ABOUT_RETURN_TYPE = YES_ERROR;
				GCC_WARN_UNDECLARED_SELECTOR = YES;
				GCC_WARN_UNINITIALIZED_AUTOS = YES_AGGRESSIVE;
				GCC_WARN_UNUSED_FUNCTION = YES;
				GCC_WARN_UNUSED_VARIABLE = YES;
				IPHONEOS_DEPLOYMENT_TARGET = 9.3;
				MTL_ENABLE_DEBUG_INFO = YES;
				ONLY_ACTIVE_ARCH = YES;
				SDKROOT = iphoneos;
			};
			name = Debug;
		};
		3759299F1D113CC4008EDC1B /* Release */ = {
			isa = XCBuildConfiguration;
			buildSettings = {
				ALWAYS_SEARCH_USER_PATHS = NO;
				CLANG_ANALYZER_NONNULL = YES;
				CLANG_CXX_LANGUAGE_STANDARD = "gnu++0x";
				CLANG_CXX_LIBRARY = "libc++";
				CLANG_ENABLE_MODULES = YES;
				CLANG_ENABLE_OBJC_ARC = YES;
				CLANG_WARN_BOOL_CONVERSION = YES;
				CLANG_WARN_CONSTANT_CONVERSION = YES;
				CLANG_WARN_DIRECT_OBJC_ISA_USAGE = YES_ERROR;
				CLANG_WARN_EMPTY_BODY = YES;
				CLANG_WARN_ENUM_CONVERSION = YES;
				CLANG_WARN_INT_CONVERSION = YES;
				CLANG_WARN_OBJC_ROOT_CLASS = YES_ERROR;
				CLANG_WARN_UNREACHABLE_CODE = YES;
				CLANG_WARN__DUPLICATE_METHOD_MATCH = YES;
				"CODE_SIGN_IDENTITY[sdk=iphoneos*]" = "iPhone Developer";
				COPY_PHASE_STRIP = NO;
				DEBUG_INFORMATION_FORMAT = "dwarf-with-dsym";
				ENABLE_NS_ASSERTIONS = NO;
				ENABLE_STRICT_OBJC_MSGSEND = YES;
				GCC_C_LANGUAGE_STANDARD = gnu99;
				GCC_NO_COMMON_BLOCKS = YES;
				GCC_WARN_64_TO_32_BIT_CONVERSION = YES;
				GCC_WARN_ABOUT_RETURN_TYPE = YES_ERROR;
				GCC_WARN_UNDECLARED_SELECTOR = YES;
				GCC_WARN_UNINITIALIZED_AUTOS = YES_AGGRESSIVE;
				GCC_WARN_UNUSED_FUNCTION = YES;
				GCC_WARN_UNUSED_VARIABLE = YES;
				IPHONEOS_DEPLOYMENT_TARGET = 9.3;
				MTL_ENABLE_DEBUG_INFO = NO;
				SDKROOT = iphoneos;
				VALIDATE_PRODUCT = YES;
			};
			name = Release;
		};
		375929A11D113CC4008EDC1B /* Debug */ = {
			isa = XCBuildConfiguration;
			buildSettings = {
				ASSETCATALOG_COMPILER_APPICON_NAME = AppIcon;
				INFOPLIST_FILE = CreateAndReadCode/Info.plist;
				LD_RUNPATH_SEARCH_PATHS = "$(inherited) @executable_path/Frameworks";
				PRODUCT_BUNDLE_IDENTIFIER = com.suxiaoyao.CreateAndReadCode;
				PRODUCT_NAME = "$(TARGET_NAME)";
			};
			name = Debug;
		};
		375929A21D113CC4008EDC1B /* Release */ = {
			isa = XCBuildConfiguration;
			buildSettings = {
				ASSETCATALOG_COMPILER_APPICON_NAME = AppIcon;
				INFOPLIST_FILE = CreateAndReadCode/Info.plist;
				LD_RUNPATH_SEARCH_PATHS = "$(inherited) @executable_path/Frameworks";
				PRODUCT_BUNDLE_IDENTIFIER = com.suxiaoyao.CreateAndReadCode;
				PRODUCT_NAME = "$(TARGET_NAME)";
			};
			name = Release;
		};
/* End XCBuildConfiguration section */

/* Begin XCConfigurationList section */
		375929841D113CC4008EDC1B /* Build configuration list for PBXProject "CreateAndReadCode" */ = {
			isa = XCConfigurationList;
			buildConfigurations = (
				3759299E1D113CC4008EDC1B /* Debug */,
				3759299F1D113CC4008EDC1B /* Release */,
			);
			defaultConfigurationIsVisible = 0;
			defaultConfigurationName = Release;
		};
		375929A01D113CC4008EDC1B /* Build configuration list for PBXNativeTarget "CreateAndReadCode" */ = {
			isa = XCConfigurationList;
			buildConfigurations = (
				375929A11D113CC4008EDC1B /* Debug */,
				375929A21D113CC4008EDC1B /* Release */,
			);
			defaultConfigurationIsVisible = 0;
		};
/* End XCConfigurationList section */
	};
	rootObject = 375929811D113CC4008EDC1B /* Project object */;
}
